schema: '2.0'
stages:
  load_data:
    cmd: python src/load_data.py --config=params.yaml
    deps:
    - path: data_given/winequality.csv
      md5: ccc8d3507eb151f53f760d36abdef888
      size: 91998
    - path: src/get_data.py
      md5: a0b057b5bedc3f388760ea3b9d16d72e
      size: 758
    - path: src/load_data.py
      md5: 2dcbb73ff185af4850b29c3bd6b0fdef
      size: 776
    outs:
    - path: data/raw/winequality.csv
      md5: d98e8f2eca228c11c4de1cc96866a54d
      size: 93598
